
Microsoft Visual Studio Solution File, Format Version 12.00
# Visual Studio 15
VisualStudioVersion = 15.0.28010.2016
MinimumVisualStudioVersion = 10.0.40219.1
Project("{8BC9CEB8-8B4A-11D0-8D11-00A0C91BC942}") = "1-18", "1-18\1-18.vcxproj", "{1748DBD5-B86F-4285-8B3B-EC83E3A18418}"
EndProject
Global
	GlobalSection(SolutionConfigurationPlatforms) = preSolution
		Debug|x64 = Debug|x64
		Debug|x86 = Debug|x86
		Release|x64 = Release|x64
		Release|x86 = Release|x86
	EndGlobalSection
	GlobalSection(ProjectConfigurationPlatforms) = postSolution
		{1748DBD5-B86F-4285-8B3B-EC83E3A18418}.Debug|x64.ActiveCfg = Debug|x64
		{1748DBD5-B86F-4285-8B3B-EC83E3A18418}.Debug|x64.Build.0 = Debug|x64
		{1748DBD5-B86F-4285-8B3B-EC83E3A18418}.Debug|x86.ActiveCfg = Debug|Win32
		{1748DBD5-B86F-4285-8B3B-EC83E3A18418}.Debug|x86.Build.0 = Debug|Win32
		{1748DBD5-B86F-4285-8B3B-EC83E3A18418}.Release|x64.ActiveCfg = Release|x64
		{1748DBD5-B86F-4285-8B3B-EC83E3A18418}.Release|x64.Build.0 = Release|x64
		{1748DBD5-B86F-4285-8B3B-EC83E3A18418}.Release|x86.ActiveCfg = Release|Win32
		{1748DBD5-B86F-4285-8B3B-EC83E3A18418}.Release|x86.Build.0 = Release|Win32
	EndGlobalSection
	GlobalSection(SolutionProperties) = preSolution
		HideSolutionNode = FALSE
	EndGlobalSection
	GlobalSection(ExtensibilityGlobals) = postSolution
		SolutionGuid = {D8F21F6A-0248-48E8-A8EA-A2447BCCE7CE}
	EndGlobalSection
EndGlobal
