
Microsoft Visual Studio Solution File, Format Version 12.00
# Visual Studio 15
VisualStudioVersion = 15.0.28010.2016
MinimumVisualStudioVersion = 10.0.40219.1
Project("{8BC9CEB8-8B4A-11D0-8D11-00A0C91BC942}") = "실습 1-23", "실습 1-23\실습 1-23.vcxproj", "{CBC78196-15B5-48E1-A5AC-018D207AE886}"
EndProject
Global
	GlobalSection(SolutionConfigurationPlatforms) = preSolution
		Debug|x64 = Debug|x64
		Debug|x86 = Debug|x86
		Release|x64 = Release|x64
		Release|x86 = Release|x86
	EndGlobalSection
	GlobalSection(ProjectConfigurationPlatforms) = postSolution
		{CBC78196-15B5-48E1-A5AC-018D207AE886}.Debug|x64.ActiveCfg = Debug|x64
		{CBC78196-15B5-48E1-A5AC-018D207AE886}.Debug|x64.Build.0 = Debug|x64
		{CBC78196-15B5-48E1-A5AC-018D207AE886}.Debug|x86.ActiveCfg = Debug|Win32
		{CBC78196-15B5-48E1-A5AC-018D207AE886}.Debug|x86.Build.0 = Debug|Win32
		{CBC78196-15B5-48E1-A5AC-018D207AE886}.Release|x64.ActiveCfg = Release|x64
		{CBC78196-15B5-48E1-A5AC-018D207AE886}.Release|x64.Build.0 = Release|x64
		{CBC78196-15B5-48E1-A5AC-018D207AE886}.Release|x86.ActiveCfg = Release|Win32
		{CBC78196-15B5-48E1-A5AC-018D207AE886}.Release|x86.Build.0 = Release|Win32
	EndGlobalSection
	GlobalSection(SolutionProperties) = preSolution
		HideSolutionNode = FALSE
	EndGlobalSection
	GlobalSection(ExtensibilityGlobals) = postSolution
		SolutionGuid = {02FB238D-8847-4CAC-B391-29864905FA11}
	EndGlobalSection
EndGlobal
